// !$*UTF8*$!
{
	archiveVersion = 1;
	classes = {
	};
	objectVersion = 51;
	objects = {

/* Begin PBXBuildFile section */
		3308BF176AC3A35E5E57EFE4 /* Pods_LWStudy.framework in Frameworks */ = {isa = PBXBuildFile; fileRef = 8DF0F2EE49B7DE17ECFCEF94 /* Pods_LWStudy.framework */; };
		91071539253559C200FE98D8 /* NSObject+LWSQLite.m in Sources */ = {isa = PBXBuildFile; fileRef = 91071538253559C200FE98D8 /* NSObject+LWSQLite.m */; };
		9107153C253559E200FE98D8 /* TestModel.m in Sources */ = {isa = PBXBuildFile; fileRef = 9107153B253559E200FE98D8 /* TestModel.m */; };
		913C2E12252323450053A040 /* TestMoveView.m in Sources */ = {isa = PBXBuildFile; fileRef = 913C2E10252323450053A040 /* TestMoveView.m */; };
		913C2E13252323450053A040 /* TestDrawView.m in Sources */ = {isa = PBXBuildFile; fileRef = 913C2E11252323450053A040 /* TestDrawView.m */; };
		913C2E16252323BE0053A040 /* DrawStudyVC.m in Sources */ = {isa = PBXBuildFile; fileRef = 913C2E15252323BE0053A040 /* DrawStudyVC.m */; };
		913C2E1A252326370053A040 /* DrawStudyVC.xib in Resources */ = {isa = PBXBuildFile; fileRef = 913C2E19252326370053A040 /* DrawStudyVC.xib */; };
		913C2E1D2523768F0053A040 /* NSObject+TestCategory.m in Sources */ = {isa = PBXBuildFile; fileRef = 913C2E1C2523768F0053A040 /* NSObject+TestCategory.m */; };
		913C2E2125241AC60053A040 /* Person.m in Sources */ = {isa = PBXBuildFile; fileRef = 913C2E2025241AC60053A040 /* Person.m */; };
		913C2E2425241B670053A040 /* RunTimeStudyController.m in Sources */ = {isa = PBXBuildFile; fileRef = 913C2E2325241B670053A040 /* RunTimeStudyController.m */; };
		913C2E2725241E7A0053A040 /* Student.m in Sources */ = {isa = PBXBuildFile; fileRef = 913C2E2625241E7A0053A040 /* Student.m */; };
		914F5C3E254BE85C00F5ABE5 /* CDTestModel.xcdatamodeld in Sources */ = {isa = PBXBuildFile; fileRef = 914F5C3C254BE85C00F5ABE5 /* CDTestModel.xcdatamodeld */; };
		914F5C47254BEB8F00F5ABE5 /* CoreDataTestController.m in Sources */ = {isa = PBXBuildFile; fileRef = 914F5C46254BEB8F00F5ABE5 /* CoreDataTestController.m */; };
		914F5C53254BF83100F5ABE5 /* CDPerson+CoreDataClass.m in Sources */ = {isa = PBXBuildFile; fileRef = 914F5C51254BF83100F5ABE5 /* CDPerson+CoreDataClass.m */; };
		914F5C54254BF83100F5ABE5 /* CDPerson+CoreDataProperties.m in Sources */ = {isa = PBXBuildFile; fileRef = 914F5C52254BF83100F5ABE5 /* CDPerson+CoreDataProperties.m */; };
		914F5C58254C442C00F5ABE5 /* BlockStudyController.m in Sources */ = {isa = PBXBuildFile; fileRef = 914F5C57254C442C00F5ABE5 /* BlockStudyController.m */; };
		914F5C5B254C49E800F5ABE5 /* AddTools.m in Sources */ = {isa = PBXBuildFile; fileRef = 914F5C5A254C49E800F5ABE5 /* AddTools.m */; };
		91528E8025198A62002AA5BD /* AppDelegate.m in Sources */ = {isa = PBXBuildFile; fileRef = 91528E7F25198A62002AA5BD /* AppDelegate.m */; };
		91528E8325198A62002AA5BD /* SceneDelegate.m in Sources */ = {isa = PBXBuildFile; fileRef = 91528E8225198A62002AA5BD /* SceneDelegate.m */; };
		91528E8625198A62002AA5BD /* ViewController.m in Sources */ = {isa = PBXBuildFile; fileRef = 91528E8525198A62002AA5BD /* ViewController.m */; };
		91528E8925198A62002AA5BD /* Main.storyboard in Resources */ = {isa = PBXBuildFile; fileRef = 91528E8725198A62002AA5BD /* Main.storyboard */; };
		91528E8B25198A66002AA5BD /* Assets.xcassets in Resources */ = {isa = PBXBuildFile; fileRef = 91528E8A25198A66002AA5BD /* Assets.xcassets */; };
		91528E8E25198A66002AA5BD /* LaunchScreen.storyboard in Resources */ = {isa = PBXBuildFile; fileRef = 91528E8C25198A66002AA5BD /* LaunchScreen.storyboard */; };
		91528E9125198A66002AA5BD /* main.m in Sources */ = {isa = PBXBuildFile; fileRef = 91528E9025198A66002AA5BD /* main.m */; };
		91528E9B25198A66002AA5BD /* LWStudyTests.m in Sources */ = {isa = PBXBuildFile; fileRef = 91528E9A25198A66002AA5BD /* LWStudyTests.m */; };
		91528EA625198A66002AA5BD /* LWStudyUITests.m in Sources */ = {isa = PBXBuildFile; fileRef = 91528EA525198A66002AA5BD /* LWStudyUITests.m */; };
		91528EB625198BD6002AA5BD /* NSThreadStudyController.m in Sources */ = {isa = PBXBuildFile; fileRef = 91528EB525198BD6002AA5BD /* NSThreadStudyController.m */; };
		91528EB925198ED9002AA5BD /* LWNavigationController.m in Sources */ = {isa = PBXBuildFile; fileRef = 91528EB825198ED9002AA5BD /* LWNavigationController.m */; };
		91528EBC2519931B002AA5BD /* PanReturnController.m in Sources */ = {isa = PBXBuildFile; fileRef = 91528EBB2519931B002AA5BD /* PanReturnController.m */; };
		91528EBF2519CF62002AA5BD /* GCDStudyController.m in Sources */ = {isa = PBXBuildFile; fileRef = 91528EBE2519CF62002AA5BD /* GCDStudyController.m */; };
		91528EC2251A4F2C002AA5BD /* NSOperationStudyController.m in Sources */ = {isa = PBXBuildFile; fileRef = 91528EC1251A4F2C002AA5BD /* NSOperationStudyController.m */; };
		91528ECB251B1DD2002AA5BD /* LWOperation.m in Sources */ = {isa = PBXBuildFile; fileRef = 91528ECA251B1DD2002AA5BD /* LWOperation.m */; };
		91528ED3251B3ACF002AA5BD /* RunLoopStudyController.m in Sources */ = {isa = PBXBuildFile; fileRef = 91528ED1251B3ACF002AA5BD /* RunLoopStudyController.m */; };
		91528ED4251B3ACF002AA5BD /* RunLoopStudyController.xib in Resources */ = {isa = PBXBuildFile; fileRef = 91528ED2251B3ACF002AA5BD /* RunLoopStudyController.xib */; };
		91528ED8251B96BF002AA5BD /* NSUrlConnectionStudyController.m in Sources */ = {isa = PBXBuildFile; fileRef = 91528ED7251B96BF002AA5BD /* NSUrlConnectionStudyController.m */; };
		91528EDB251D8E93002AA5BD /* NSURLSessionStudyController.m in Sources */ = {isa = PBXBuildFile; fileRef = 91528EDA251D8E93002AA5BD /* NSURLSessionStudyController.m */; };
		91528EDD251D991B002AA5BD /* NSURLSessionStudyController.xib in Resources */ = {isa = PBXBuildFile; fileRef = 91528EDC251D991B002AA5BD /* NSURLSessionStudyController.xib */; };
		91528EE0251DF9FD002AA5BD /* AFNStudyController.m in Sources */ = {isa = PBXBuildFile; fileRef = 91528EDF251DF9FD002AA5BD /* AFNStudyController.m */; };
/* End PBXBuildFile section */

/* Begin PBXContainerItemProxy section */
		91528E9725198A66002AA5BD /* PBXContainerItemProxy */ = {
			isa = PBXContainerItemProxy;
			containerPortal = 91528E7325198A62002AA5BD /* Project object */;
			proxyType = 1;
			remoteGlobalIDString = 91528E7A25198A62002AA5BD;
			remoteInfo = LWStudy;
		};
		91528EA225198A66002AA5BD /* PBXContainerItemProxy */ = {
			isa = PBXContainerItemProxy;
			containerPortal = 91528E7325198A62002AA5BD /* Project object */;
			proxyType = 1;
			remoteGlobalIDString = 91528E7A25198A62002AA5BD;
			remoteInfo = LWStudy;
		};
/* End PBXContainerItemProxy section */

/* Begin PBXFileReference section */
		6A3EBDEE773C4F6607C684A8 /* Pods-LWStudy.release.xcconfig */ = {isa = PBXFileReference; includeInIndex = 1; lastKnownFileType = text.xcconfig; name = "Pods-LWStudy.release.xcconfig"; path = "Target Support Files/Pods-LWStudy/Pods-LWStudy.release.xcconfig"; sourceTree = "<group>"; };
		868C7FD74AF94DDAC58FFD7D /* Pods-LWStudy.debug.xcconfig */ = {isa = PBXFileReference; includeInIndex = 1; lastKnownFileType = text.xcconfig; name = "Pods-LWStudy.debug.xcconfig"; path = "Target Support Files/Pods-LWStudy/Pods-LWStudy.debug.xcconfig"; sourceTree = "<group>"; };
		8DF0F2EE49B7DE17ECFCEF94 /* Pods_LWStudy.framework */ = {isa = PBXFileReference; explicitFileType = wrapper.framework; includeInIndex = 0; path = Pods_LWStudy.framework; sourceTree = BUILT_PRODUCTS_DIR; };
		91071537253559C200FE98D8 /* NSObject+LWSQLite.h */ = {isa = PBXFileReference; lastKnownFileType = sourcecode.c.h; path = "NSObject+LWSQLite.h"; sourceTree = "<group>"; };
		91071538253559C200FE98D8 /* NSObject+LWSQLite.m */ = {isa = PBXFileReference; lastKnownFileType = sourcecode.c.objc; path = "NSObject+LWSQLite.m"; sourceTree = "<group>"; };
		9107153A253559E200FE98D8 /* TestModel.h */ = {isa = PBXFileReference; lastKnownFileType = sourcecode.c.h; path = TestModel.h; sourceTree = "<group>"; };
		9107153B253559E200FE98D8 /* TestModel.m */ = {isa = PBXFileReference; lastKnownFileType = sourcecode.c.objc; path = TestModel.m; sourceTree = "<group>"; };
		913C2E0E252323450053A040 /* TestMoveView.h */ = {isa = PBXFileReference; fileEncoding = 4; lastKnownFileType = sourcecode.c.h; path = TestMoveView.h; sourceTree = "<group>"; };
		913C2E0F252323450053A040 /* TestDrawView.h */ = {isa = PBXFileReference; fileEncoding = 4; lastKnownFileType = sourcecode.c.h; path = TestDrawView.h; sourceTree = "<group>"; };
		913C2E10252323450053A040 /* TestMoveView.m */ = {isa = PBXFileReference; fileEncoding = 4; lastKnownFileType = sourcecode.c.objc; path = TestMoveView.m; sourceTree = "<group>"; };
		913C2E11252323450053A040 /* TestDrawView.m */ = {isa = PBXFileReference; fileEncoding = 4; lastKnownFileType = sourcecode.c.objc; path = TestDrawView.m; sourceTree = "<group>"; };
		913C2E14252323BE0053A040 /* DrawStudyVC.h */ = {isa = PBXFileReference; fileEncoding = 4; lastKnownFileType = sourcecode.c.h; path = DrawStudyVC.h; sourceTree = "<group>"; };
		913C2E15252323BE0053A040 /* DrawStudyVC.m */ = {isa = PBXFileReference; fileEncoding = 4; lastKnownFileType = sourcecode.c.objc; path = DrawStudyVC.m; sourceTree = "<group>"; };
		913C2E19252326370053A040 /* DrawStudyVC.xib */ = {isa = PBXFileReference; lastKnownFileType = file.xib; path = DrawStudyVC.xib; sourceTree = "<group>"; };
		913C2E1B2523768F0053A040 /* NSObject+TestCategory.h */ = {isa = PBXFileReference; lastKnownFileType = sourcecode.c.h; path = "NSObject+TestCategory.h"; sourceTree = "<group>"; };
		913C2E1C2523768F0053A040 /* NSObject+TestCategory.m */ = {isa = PBXFileReference; lastKnownFileType = sourcecode.c.objc; path = "NSObject+TestCategory.m"; sourceTree = "<group>"; };
		913C2E1F25241AC60053A040 /* Person.h */ = {isa = PBXFileReference; lastKnownFileType = sourcecode.c.h; path = Person.h; sourceTree = "<group>"; };
		913C2E2025241AC60053A040 /* Person.m */ = {isa = PBXFileReference; lastKnownFileType = sourcecode.c.objc; path = Person.m; sourceTree = "<group>"; };
		913C2E2225241B670053A040 /* RunTimeStudyController.h */ = {isa = PBXFileReference; lastKnownFileType = sourcecode.c.h; path = RunTimeStudyController.h; sourceTree = "<group>"; };
		913C2E2325241B670053A040 /* RunTimeStudyController.m */ = {isa = PBXFileReference; lastKnownFileType = sourcecode.c.objc; path = RunTimeStudyController.m; sourceTree = "<group>"; };
		913C2E2525241E7A0053A040 /* Student.h */ = {isa = PBXFileReference; lastKnownFileType = sourcecode.c.h; path = Student.h; sourceTree = "<group>"; };
		913C2E2625241E7A0053A040 /* Student.m */ = {isa = PBXFileReference; lastKnownFileType = sourcecode.c.objc; path = Student.m; sourceTree = "<group>"; };
		914F5C3D254BE85C00F5ABE5 /* CDTestModel.xcdatamodel */ = {isa = PBXFileReference; lastKnownFileType = wrapper.xcdatamodel; path = CDTestModel.xcdatamodel; sourceTree = "<group>"; };
		914F5C45254BEB8F00F5ABE5 /* CoreDataTestController.h */ = {isa = PBXFileReference; lastKnownFileType = sourcecode.c.h; path = CoreDataTestController.h; sourceTree = "<group>"; };
		914F5C46254BEB8F00F5ABE5 /* CoreDataTestController.m */ = {isa = PBXFileReference; lastKnownFileType = sourcecode.c.objc; path = CoreDataTestController.m; sourceTree = "<group>"; };
		914F5C4E254BF79300F5ABE5 /* CDTestModelTwo.xcdatamodel */ = {isa = PBXFileReference; lastKnownFileType = wrapper.xcdatamodel; path = CDTestModelTwo.xcdatamodel; sourceTree = "<group>"; };
		914F5C4F254BF83100F5ABE5 /* CDPerson+CoreDataProperties.h */ = {isa = PBXFileReference; lastKnownFileType = sourcecode.c.h; path = "CDPerson+CoreDataProperties.h"; sourceTree = SOURCE_ROOT; };
		914F5C50254BF83100F5ABE5 /* CDPerson+CoreDataClass.h */ = {isa = PBXFileReference; lastKnownFileType = sourcecode.c.h; path = "CDPerson+CoreDataClass.h"; sourceTree = SOURCE_ROOT; };
		914F5C51254BF83100F5ABE5 /* CDPerson+CoreDataClass.m */ = {isa = PBXFileReference; lastKnownFileType = sourcecode.c.objc; path = "CDPerson+CoreDataClass.m"; sourceTree = SOURCE_ROOT; };
		914F5C52254BF83100F5ABE5 /* CDPerson+CoreDataProperties.m */ = {isa = PBXFileReference; lastKnownFileType = sourcecode.c.objc; path = "CDPerson+CoreDataProperties.m"; sourceTree = SOURCE_ROOT; };
		914F5C56254C442C00F5ABE5 /* BlockStudyController.h */ = {isa = PBXFileReference; lastKnownFileType = sourcecode.c.h; path = BlockStudyController.h; sourceTree = "<group>"; };
		914F5C57254C442C00F5ABE5 /* BlockStudyController.m */ = {isa = PBXFileReference; lastKnownFileType = sourcecode.c.objc; path = BlockStudyController.m; sourceTree = "<group>"; };
		914F5C59254C49E800F5ABE5 /* AddTools.h */ = {isa = PBXFileReference; lastKnownFileType = sourcecode.c.h; path = AddTools.h; sourceTree = "<group>"; };
		914F5C5A254C49E800F5ABE5 /* AddTools.m */ = {isa = PBXFileReference; lastKnownFileType = sourcecode.c.objc; path = AddTools.m; sourceTree = "<group>"; };
		91528E7B25198A62002AA5BD /* LWStudy.app */ = {isa = PBXFileReference; explicitFileType = wrapper.application; includeInIndex = 0; path = LWStudy.app; sourceTree = BUILT_PRODUCTS_DIR; };
		91528E7E25198A62002AA5BD /* AppDelegate.h */ = {isa = PBXFileReference; lastKnownFileType = sourcecode.c.h; path = AppDelegate.h; sourceTree = "<group>"; };
		91528E7F25198A62002AA5BD /* AppDelegate.m */ = {isa = PBXFileReference; lastKnownFileType = sourcecode.c.objc; path = AppDelegate.m; sourceTree = "<group>"; };
		91528E8125198A62002AA5BD /* SceneDelegate.h */ = {isa = PBXFileReference; lastKnownFileType = sourcecode.c.h; path = SceneDelegate.h; sourceTree = "<group>"; };
		91528E8225198A62002AA5BD /* SceneDelegate.m */ = {isa = PBXFileReference; lastKnownFileType = sourcecode.c.objc; path = SceneDelegate.m; sourceTree = "<group>"; };
		91528E8425198A62002AA5BD /* ViewController.h */ = {isa = PBXFileReference; lastKnownFileType = sourcecode.c.h; path = ViewController.h; sourceTree = "<group>"; };
		91528E8525198A62002AA5BD /* ViewController.m */ = {isa = PBXFileReference; lastKnownFileType = sourcecode.c.objc; path = ViewController.m; sourceTree = "<group>"; };
		91528E8825198A62002AA5BD /* Base */ = {isa = PBXFileReference; lastKnownFileType = file.storyboard; name = Base; path = Base.lproj/Main.storyboard; sourceTree = "<group>"; };
		91528E8A25198A66002AA5BD /* Assets.xcassets */ = {isa = PBXFileReference; lastKnownFileType = folder.assetcatalog; path = Assets.xcassets; sourceTree = "<group>"; };
		91528E8D25198A66002AA5BD /* Base */ = {isa = PBXFileReference; lastKnownFileType = file.storyboard; name = Base; path = Base.lproj/LaunchScreen.storyboard; sourceTree = "<group>"; };
		91528E8F25198A66002AA5BD /* Info.plist */ = {isa = PBXFileReference; lastKnownFileType = text.plist.xml; path = Info.plist; sourceTree = "<group>"; };
		91528E9025198A66002AA5BD /* main.m */ = {isa = PBXFileReference; lastKnownFileType = sourcecode.c.objc; path = main.m; sourceTree = "<group>"; };
		91528E9625198A66002AA5BD /* LWStudyTests.xctest */ = {isa = PBXFileReference; explicitFileType = wrapper.cfbundle; includeInIndex = 0; path = LWStudyTests.xctest; sourceTree = BUILT_PRODUCTS_DIR; };
		91528E9A25198A66002AA5BD /* LWStudyTests.m */ = {isa = PBXFileReference; lastKnownFileType = sourcecode.c.objc; path = LWStudyTests.m; sourceTree = "<group>"; };
		91528E9C25198A66002AA5BD /* Info.plist */ = {isa = PBXFileReference; lastKnownFileType = text.plist.xml; path = Info.plist; sourceTree = "<group>"; };
		91528EA125198A66002AA5BD /* LWStudyUITests.xctest */ = {isa = PBXFileReference; explicitFileType = wrapper.cfbundle; includeInIndex = 0; path = LWStudyUITests.xctest; sourceTree = BUILT_PRODUCTS_DIR; };
		91528EA525198A66002AA5BD /* LWStudyUITests.m */ = {isa = PBXFileReference; lastKnownFileType = sourcecode.c.objc; path = LWStudyUITests.m; sourceTree = "<group>"; };
		91528EA725198A66002AA5BD /* Info.plist */ = {isa = PBXFileReference; lastKnownFileType = text.plist.xml; path = Info.plist; sourceTree = "<group>"; };
		91528EB425198BD6002AA5BD /* NSThreadStudyController.h */ = {isa = PBXFileReference; lastKnownFileType = sourcecode.c.h; path = NSThreadStudyController.h; sourceTree = "<group>"; };
		91528EB525198BD6002AA5BD /* NSThreadStudyController.m */ = {isa = PBXFileReference; lastKnownFileType = sourcecode.c.objc; path = NSThreadStudyController.m; sourceTree = "<group>"; };
		91528EB725198ED9002AA5BD /* LWNavigationController.h */ = {isa = PBXFileReference; lastKnownFileType = sourcecode.c.h; path = LWNavigationController.h; sourceTree = "<group>"; };
		91528EB825198ED9002AA5BD /* LWNavigationController.m */ = {isa = PBXFileReference; lastKnownFileType = sourcecode.c.objc; path = LWNavigationController.m; sourceTree = "<group>"; };
		91528EBA2519931B002AA5BD /* PanReturnController.h */ = {isa = PBXFileReference; lastKnownFileType = sourcecode.c.h; path = PanReturnController.h; sourceTree = "<group>"; };
		91528EBB2519931B002AA5BD /* PanReturnController.m */ = {isa = PBXFileReference; lastKnownFileType = sourcecode.c.objc; path = PanReturnController.m; sourceTree = "<group>"; };
		91528EBD2519CF62002AA5BD /* GCDStudyController.h */ = {isa = PBXFileReference; lastKnownFileType = sourcecode.c.h; path = GCDStudyController.h; sourceTree = "<group>"; };
		91528EBE2519CF62002AA5BD /* GCDStudyController.m */ = {isa = PBXFileReference; lastKnownFileType = sourcecode.c.objc; path = GCDStudyController.m; sourceTree = "<group>"; };
		91528EC0251A4F2C002AA5BD /* NSOperationStudyController.h */ = {isa = PBXFileReference; lastKnownFileType = sourcecode.c.h; path = NSOperationStudyController.h; sourceTree = "<group>"; };
		91528EC1251A4F2C002AA5BD /* NSOperationStudyController.m */ = {isa = PBXFileReference; lastKnownFileType = sourcecode.c.objc; path = NSOperationStudyController.m; sourceTree = "<group>"; };
		91528EC9251B1DD2002AA5BD /* LWOperation.h */ = {isa = PBXFileReference; lastKnownFileType = sourcecode.c.h; path = LWOperation.h; sourceTree = "<group>"; };
		91528ECA251B1DD2002AA5BD /* LWOperation.m */ = {isa = PBXFileReference; lastKnownFileType = sourcecode.c.objc; path = LWOperation.m; sourceTree = "<group>"; };
		91528ED0251B3ACF002AA5BD /* RunLoopStudyController.h */ = {isa = PBXFileReference; lastKnownFileType = sourcecode.c.h; path = RunLoopStudyController.h; sourceTree = "<group>"; };
		91528ED1251B3ACF002AA5BD /* RunLoopStudyController.m */ = {isa = PBXFileReference; lastKnownFileType = sourcecode.c.objc; path = RunLoopStudyController.m; sourceTree = "<group>"; };
		91528ED2251B3ACF002AA5BD /* RunLoopStudyController.xib */ = {isa = PBXFileReference; lastKnownFileType = file.xib; path = RunLoopStudyController.xib; sourceTree = "<group>"; };
		91528ED6251B96BF002AA5BD /* NSUrlConnectionStudyController.h */ = {isa = PBXFileReference; lastKnownFileType = sourcecode.c.h; path = NSUrlConnectionStudyController.h; sourceTree = "<group>"; };
		91528ED7251B96BF002AA5BD /* NSUrlConnectionStudyController.m */ = {isa = PBXFileReference; lastKnownFileType = sourcecode.c.objc; path = NSUrlConnectionStudyController.m; sourceTree = "<group>"; };
		91528ED9251D8E93002AA5BD /* NSURLSessionStudyController.h */ = {isa = PBXFileReference; lastKnownFileType = sourcecode.c.h; path = NSURLSessionStudyController.h; sourceTree = "<group>"; };
		91528EDA251D8E93002AA5BD /* NSURLSessionStudyController.m */ = {isa = PBXFileReference; lastKnownFileType = sourcecode.c.objc; path = NSURLSessionStudyController.m; sourceTree = "<group>"; };
		91528EDC251D991B002AA5BD /* NSURLSessionStudyController.xib */ = {isa = PBXFileReference; lastKnownFileType = file.xib; path = NSURLSessionStudyController.xib; sourceTree = "<group>"; };
		91528EDE251DF9FD002AA5BD /* AFNStudyController.h */ = {isa = PBXFileReference; lastKnownFileType = sourcecode.c.h; path = AFNStudyController.h; sourceTree = "<group>"; };
		91528EDF251DF9FD002AA5BD /* AFNStudyController.m */ = {isa = PBXFileReference; lastKnownFileType = sourcecode.c.objc; path = AFNStudyController.m; sourceTree = "<group>"; };
/* End PBXFileReference section */

/* Begin PBXFrameworksBuildPhase section */
		91528E7825198A62002AA5BD /* Frameworks */ = {
			isa = PBXFrameworksBuildPhase;
			buildActionMask = 2147483647;
			files = (
				3308BF176AC3A35E5E57EFE4 /* Pods_LWStudy.framework in Frameworks */,
			);
			runOnlyForDeploymentPostprocessing = 0;
		};
		91528E9325198A66002AA5BD /* Frameworks */ = {
			isa = PBXFrameworksBuildPhase;
			buildActionMask = 2147483647;
			files = (
			);
			runOnlyForDeploymentPostprocessing = 0;
		};
		91528E9E25198A66002AA5BD /* Frameworks */ = {
			isa = PBXFrameworksBuildPhase;
			buildActionMask = 2147483647;
			files = (
			);
			runOnlyForDeploymentPostprocessing = 0;
		};
/* End PBXFrameworksBuildPhase section */

/* Begin PBXGroup section */
		3DAEEAAAD96207F71699FDA5 /* Frameworks */ = {
			isa = PBXGroup;
			children = (
				8DF0F2EE49B7DE17ECFCEF94 /* Pods_LWStudy.framework */,
			);
			name = Frameworks;
			sourceTree = "<group>";
		};
		910715362535596600FE98D8 /* 对象存储数据库分类设计 */ = {
			isa = PBXGroup;
			children = (
				91071537253559C200FE98D8 /* NSObject+LWSQLite.h */,
				91071538253559C200FE98D8 /* NSObject+LWSQLite.m */,
				9107153A253559E200FE98D8 /* TestModel.h */,
				9107153B253559E200FE98D8 /* TestModel.m */,
			);
			path = "对象存储数据库分类设计";
			sourceTree = "<group>";
		};
		913C2E0D252322E10053A040 /* 绘画学习 */ = {
			isa = PBXGroup;
			children = (
				913C2E14252323BE0053A040 /* DrawStudyVC.h */,
				913C2E15252323BE0053A040 /* DrawStudyVC.m */,
				913C2E0F252323450053A040 /* TestDrawView.h */,
				913C2E11252323450053A040 /* TestDrawView.m */,
				913C2E0E252323450053A040 /* TestMoveView.h */,
				913C2E10252323450053A040 /* TestMoveView.m */,
				913C2E19252326370053A040 /* DrawStudyVC.xib */,
			);
			path = "绘画学习";
			sourceTree = "<group>";
		};
		913C2E1E25241A850053A040 /* Runtime学习 */ = {
			isa = PBXGroup;
			children = (
				913C2E1F25241AC60053A040 /* Person.h */,
				913C2E2025241AC60053A040 /* Person.m */,
				913C2E2225241B670053A040 /* RunTimeStudyController.h */,
				913C2E2325241B670053A040 /* RunTimeStudyController.m */,
				913C2E2525241E7A0053A040 /* Student.h */,
				913C2E2625241E7A0053A040 /* Student.m */,
				913C2E1B2523768F0053A040 /* NSObject+TestCategory.h */,
				913C2E1C2523768F0053A040 /* NSObject+TestCategory.m */,
			);
			path = "Runtime学习";
			sourceTree = "<group>";
		};
		914F5C29254BDD2700F5ABE5 /* CoreData */ = {
			isa = PBXGroup;
			children = (
				914F5C4F254BF83100F5ABE5 /* CDPerson+CoreDataProperties.h */,
				914F5C50254BF83100F5ABE5 /* CDPerson+CoreDataClass.h */,
				914F5C51254BF83100F5ABE5 /* CDPerson+CoreDataClass.m */,
				914F5C52254BF83100F5ABE5 /* CDPerson+CoreDataProperties.m */,
				914F5C3C254BE85C00F5ABE5 /* CDTestModel.xcdatamodeld */,
				914F5C45254BEB8F00F5ABE5 /* CoreDataTestController.h */,
				914F5C46254BEB8F00F5ABE5 /* CoreDataTestController.m */,
			);
			path = CoreData;
			sourceTree = "<group>";
		};
		914F5C55254C441500F5ABE5 /* Block学习 */ = {
			isa = PBXGroup;
			children = (
				914F5C56254C442C00F5ABE5 /* BlockStudyController.h */,
				914F5C57254C442C00F5ABE5 /* BlockStudyController.m */,
				914F5C59254C49E800F5ABE5 /* AddTools.h */,
				914F5C5A254C49E800F5ABE5 /* AddTools.m */,
			);
			path = "Block学习";
			sourceTree = "<group>";
		};
		91528E7225198A62002AA5BD = {
			isa = PBXGroup;
			children = (
				91528E7D25198A62002AA5BD /* LWStudy */,
				91528E9925198A66002AA5BD /* LWStudyTests */,
				91528EA425198A66002AA5BD /* LWStudyUITests */,
				91528E7C25198A62002AA5BD /* Products */,
				CB0A01D46742A0E37B1AFEEF /* Pods */,
				3DAEEAAAD96207F71699FDA5 /* Frameworks */,
			);
			sourceTree = "<group>";
		};
		91528E7C25198A62002AA5BD /* Products */ = {
			isa = PBXGroup;
			children = (
				91528E7B25198A62002AA5BD /* LWStudy.app */,
				91528E9625198A66002AA5BD /* LWStudyTests.xctest */,
				91528EA125198A66002AA5BD /* LWStudyUITests.xctest */,
			);
			name = Products;
			sourceTree = "<group>";
		};
		91528E7D25198A62002AA5BD /* LWStudy */ = {
			isa = PBXGroup;
			children = (
				914F5C55254C441500F5ABE5 /* Block学习 */,
				914F5C29254BDD2700F5ABE5 /* CoreData */,
				910715362535596600FE98D8 /* 对象存储数据库分类设计 */,
				913C2E1E25241A850053A040 /* Runtime学习 */,
				913C2E0D252322E10053A040 /* 绘画学习 */,
				91528ED5251B9676002AA5BD /* 网络学习 */,
				91528ECC251B39A1002AA5BD /* RunLoopStudy */,
				91528EB325198BA8002AA5BD /* ThreadStudy */,
				91528E7E25198A62002AA5BD /* AppDelegate.h */,
				91528E7F25198A62002AA5BD /* AppDelegate.m */,
				91528E8125198A62002AA5BD /* SceneDelegate.h */,
				91528E8225198A62002AA5BD /* SceneDelegate.m */,
				91528E8425198A62002AA5BD /* ViewController.h */,
				91528E8525198A62002AA5BD /* ViewController.m */,
				91528E8725198A62002AA5BD /* Main.storyboard */,
				91528E8A25198A66002AA5BD /* Assets.xcassets */,
				91528E8C25198A66002AA5BD /* LaunchScreen.storyboard */,
				91528E8F25198A66002AA5BD /* Info.plist */,
				91528E9025198A66002AA5BD /* main.m */,
				91528EB725198ED9002AA5BD /* LWNavigationController.h */,
				91528EB825198ED9002AA5BD /* LWNavigationController.m */,
				91528EBA2519931B002AA5BD /* PanReturnController.h */,
				91528EBB2519931B002AA5BD /* PanReturnController.m */,
			);
			path = LWStudy;
			sourceTree = "<group>";
		};
		91528E9925198A66002AA5BD /* LWStudyTests */ = {
			isa = PBXGroup;
			children = (
				91528E9A25198A66002AA5BD /* LWStudyTests.m */,
				91528E9C25198A66002AA5BD /* Info.plist */,
			);
			path = LWStudyTests;
			sourceTree = "<group>";
		};
		91528EA425198A66002AA5BD /* LWStudyUITests */ = {
			isa = PBXGroup;
			children = (
				91528EA525198A66002AA5BD /* LWStudyUITests.m */,
				91528EA725198A66002AA5BD /* Info.plist */,
			);
			path = LWStudyUITests;
			sourceTree = "<group>";
		};
		91528EB325198BA8002AA5BD /* ThreadStudy */ = {
			isa = PBXGroup;
			children = (
				91528EB425198BD6002AA5BD /* NSThreadStudyController.h */,
				91528EB525198BD6002AA5BD /* NSThreadStudyController.m */,
				91528EBD2519CF62002AA5BD /* GCDStudyController.h */,
				91528EBE2519CF62002AA5BD /* GCDStudyController.m */,
				91528EC0251A4F2C002AA5BD /* NSOperationStudyController.h */,
				91528EC1251A4F2C002AA5BD /* NSOperationStudyController.m */,
				91528EC9251B1DD2002AA5BD /* LWOperation.h */,
				91528ECA251B1DD2002AA5BD /* LWOperation.m */,
			);
			path = ThreadStudy;
			sourceTree = "<group>";
		};
		91528ECC251B39A1002AA5BD /* RunLoopStudy */ = {
			isa = PBXGroup;
			children = (
				91528ED0251B3ACF002AA5BD /* RunLoopStudyController.h */,
				91528ED1251B3ACF002AA5BD /* RunLoopStudyController.m */,
				91528ED2251B3ACF002AA5BD /* RunLoopStudyController.xib */,
			);
			path = RunLoopStudy;
			sourceTree = "<group>";
		};
		91528ED5251B9676002AA5BD /* 网络学习 */ = {
			isa = PBXGroup;
			children = (
				91528ED6251B96BF002AA5BD /* NSUrlConnectionStudyController.h */,
				91528ED7251B96BF002AA5BD /* NSUrlConnectionStudyController.m */,
				91528ED9251D8E93002AA5BD /* NSURLSessionStudyController.h */,
				91528EDA251D8E93002AA5BD /* NSURLSessionStudyController.m */,
				91528EDC251D991B002AA5BD /* NSURLSessionStudyController.xib */,
				91528EDE251DF9FD002AA5BD /* AFNStudyController.h */,
				91528EDF251DF9FD002AA5BD /* AFNStudyController.m */,
			);
			path = "网络学习";
			sourceTree = "<group>";
		};
		CB0A01D46742A0E37B1AFEEF /* Pods */ = {
			isa = PBXGroup;
			children = (
				868C7FD74AF94DDAC58FFD7D /* Pods-LWStudy.debug.xcconfig */,
				6A3EBDEE773C4F6607C684A8 /* Pods-LWStudy.release.xcconfig */,
			);
			path = Pods;
			sourceTree = "<group>";
		};
/* End PBXGroup section */

/* Begin PBXNativeTarget section */
		91528E7A25198A62002AA5BD /* LWStudy */ = {
			isa = PBXNativeTarget;
			buildConfigurationList = 91528EAA25198A66002AA5BD /* Build configuration list for PBXNativeTarget "LWStudy" */;
			buildPhases = (
				CB4D9C7B0857FFD6B5F106E1 /* [CP] Check Pods Manifest.lock */,
				91528E7725198A62002AA5BD /* Sources */,
				91528E7825198A62002AA5BD /* Frameworks */,
				91528E7925198A62002AA5BD /* Resources */,
				E155F5FE556DCDD082E1291B /* [CP] Embed Pods Frameworks */,
			);
			buildRules = (
			);
			dependencies = (
			);
			name = LWStudy;
			productName = LWStudy;
			productReference = 91528E7B25198A62002AA5BD /* LWStudy.app */;
			productType = "com.apple.product-type.application";
		};
		91528E9525198A66002AA5BD /* LWStudyTests */ = {
			isa = PBXNativeTarget;
			buildConfigurationList = 91528EAD25198A66002AA5BD /* Build configuration list for PBXNativeTarget "LWStudyTests" */;
			buildPhases = (
				91528E9225198A66002AA5BD /* Sources */,
				91528E9325198A66002AA5BD /* Frameworks */,
				91528E9425198A66002AA5BD /* Resources */,
			);
			buildRules = (
			);
			dependencies = (
				91528E9825198A66002AA5BD /* PBXTargetDependency */,
			);
			name = LWStudyTests;
			productName = LWStudyTests;
			productReference = 91528E9625198A66002AA5BD /* LWStudyTests.xctest */;
			productType = "com.apple.product-type.bundle.unit-test";
		};
		91528EA025198A66002AA5BD /* LWStudyUITests */ = {
			isa = PBXNativeTarget;
			buildConfigurationList = 91528EB025198A66002AA5BD /* Build configuration list for PBXNativeTarget "LWStudyUITests" */;
			buildPhases = (
				91528E9D25198A66002AA5BD /* Sources */,
				91528E9E25198A66002AA5BD /* Frameworks */,
				91528E9F25198A66002AA5BD /* Resources */,
			);
			buildRules = (
			);
			dependencies = (
				91528EA325198A66002AA5BD /* PBXTargetDependency */,
			);
			name = LWStudyUITests;
			productName = LWStudyUITests;
			productReference = 91528EA125198A66002AA5BD /* LWStudyUITests.xctest */;
			productType = "com.apple.product-type.bundle.ui-testing";
		};
/* End PBXNativeTarget section */

/* Begin PBXProject section */
		91528E7325198A62002AA5BD /* Project object */ = {
			isa = PBXProject;
			attributes = {
				LastUpgradeCheck = 1160;
				ORGANIZATIONNAME = liwanlu;
				TargetAttributes = {
					91528E7A25198A62002AA5BD = {
						CreatedOnToolsVersion = 11.6;
						LastSwiftMigration = 1160;
					};
					91528E9525198A66002AA5BD = {
						CreatedOnToolsVersion = 11.6;
						TestTargetID = 91528E7A25198A62002AA5BD;
					};
					91528EA025198A66002AA5BD = {
						CreatedOnToolsVersion = 11.6;
						TestTargetID = 91528E7A25198A62002AA5BD;
					};
				};
			};
			buildConfigurationList = 91528E7625198A62002AA5BD /* Build configuration list for PBXProject "LWStudy" */;
			compatibilityVersion = "Xcode 9.3";
			developmentRegion = en;
			hasScannedForEncodings = 0;
			knownRegions = (
				en,
				Base,
			);
			mainGroup = 91528E7225198A62002AA5BD;
			productRefGroup = 91528E7C25198A62002AA5BD /* Products */;
			projectDirPath = "";
			projectRoot = "";
			targets = (
				91528E7A25198A62002AA5BD /* LWStudy */,
				91528E9525198A66002AA5BD /* LWStudyTests */,
				91528EA025198A66002AA5BD /* LWStudyUITests */,
			);
		};
/* End PBXProject section */

/* Begin PBXResourcesBuildPhase section */
		91528E7925198A62002AA5BD /* Resources */ = {
			isa = PBXResourcesBuildPhase;
			buildActionMask = 2147483647;
			files = (
				913C2E1A252326370053A040 /* DrawStudyVC.xib in Resources */,
				91528E8E25198A66002AA5BD /* LaunchScreen.storyboard in Resources */,
				91528EDD251D991B002AA5BD /* NSURLSessionStudyController.xib in Resources */,
				91528E8B25198A66002AA5BD /* Assets.xcassets in Resources */,
				91528E8925198A62002AA5BD /* Main.storyboard in Resources */,
				91528ED4251B3ACF002AA5BD /* RunLoopStudyController.xib in Resources */,
			);
			runOnlyForDeploymentPostprocessing = 0;
		};
		91528E9425198A66002AA5BD /* Resources */ = {
			isa = PBXResourcesBuildPhase;
			buildActionMask = 2147483647;
			files = (
			);
			runOnlyForDeploymentPostprocessing = 0;
		};
		91528E9F25198A66002AA5BD /* Resources */ = {
			isa = PBXResourcesBuildPhase;
			buildActionMask = 2147483647;
			files = (
			);
			runOnlyForDeploymentPostprocessing = 0;
		};
/* End PBXResourcesBuildPhase section */

/* Begin PBXShellScriptBuildPhase section */
		CB4D9C7B0857FFD6B5F106E1 /* [CP] Check Pods Manifest.lock */ = {
			isa = PBXShellScriptBuildPhase;
			buildActionMask = 2147483647;
			files = (
			);
			inputFileListPaths = (
			);
			inputPaths = (
				"${PODS_PODFILE_DIR_PATH}/Podfile.lock",
				"${PODS_ROOT}/Manifest.lock",
			);
			name = "[CP] Check Pods Manifest.lock";
			outputFileListPaths = (
			);
			outputPaths = (
				"$(DERIVED_FILE_DIR)/Pods-LWStudy-checkManifestLockResult.txt",
			);
			runOnlyForDeploymentPostprocessing = 0;
			shellPath = /bin/sh;
			shellScript = "diff \"${PODS_PODFILE_DIR_PATH}/Podfile.lock\" \"${PODS_ROOT}/Manifest.lock\" > /dev/null\nif [ $? != 0 ] ; then\n    # print error to STDERR\n    echo \"error: The sandbox is not in sync with the Podfile.lock. Run 'pod install' or update your CocoaPods installation.\" >&2\n    exit 1\nfi\n# This output is used by Xcode 'outputs' to avoid re-running this script phase.\necho \"SUCCESS\" > \"${SCRIPT_OUTPUT_FILE_0}\"\n";
			showEnvVarsInLog = 0;
		};
		E155F5FE556DCDD082E1291B /* [CP] Embed Pods Frameworks */ = {
			isa = PBXShellScriptBuildPhase;
			buildActionMask = 2147483647;
			files = (
			);
			inputFileListPaths = (
				"${PODS_ROOT}/Target Support Files/Pods-LWStudy/Pods-LWStudy-frameworks-${CONFIGURATION}-input-files.xcfilelist",
			);
			name = "[CP] Embed Pods Frameworks";
			outputFileListPaths = (
				"${PODS_ROOT}/Target Support Files/Pods-LWStudy/Pods-LWStudy-frameworks-${CONFIGURATION}-output-files.xcfilelist",
			);
			runOnlyForDeploymentPostprocessing = 0;
			shellPath = /bin/sh;
			shellScript = "\"${PODS_ROOT}/Target Support Files/Pods-LWStudy/Pods-LWStudy-frameworks.sh\"\n";
			showEnvVarsInLog = 0;
		};
/* End PBXShellScriptBuildPhase section */

/* Begin PBXSourcesBuildPhase section */
		91528E7725198A62002AA5BD /* Sources */ = {
			isa = PBXSourcesBuildPhase;
			buildActionMask = 2147483647;
			files = (
				914F5C54254BF83100F5ABE5 /* CDPerson+CoreDataProperties.m in Sources */,
				91528E8625198A62002AA5BD /* ViewController.m in Sources */,
				913C2E2725241E7A0053A040 /* Student.m in Sources */,
				91528EE0251DF9FD002AA5BD /* AFNStudyController.m in Sources */,
				9107153C253559E200FE98D8 /* TestModel.m in Sources */,
				914F5C58254C442C00F5ABE5 /* BlockStudyController.m in Sources */,
				913C2E2125241AC60053A040 /* Person.m in Sources */,
				914F5C53254BF83100F5ABE5 /* CDPerson+CoreDataClass.m in Sources */,
				913C2E13252323450053A040 /* TestDrawView.m in Sources */,
				913C2E2425241B670053A040 /* RunTimeStudyController.m in Sources */,
				91071539253559C200FE98D8 /* NSObject+LWSQLite.m in Sources */,
				91528EBC2519931B002AA5BD /* PanReturnController.m in Sources */,
				914F5C47254BEB8F00F5ABE5 /* CoreDataTestController.m in Sources */,
				91528ED3251B3ACF002AA5BD /* RunLoopStudyController.m in Sources */,
				913C2E1D2523768F0053A040 /* NSObject+TestCategory.m in Sources */,
				91528EBF2519CF62002AA5BD /* GCDStudyController.m in Sources */,
				91528EDB251D8E93002AA5BD /* NSURLSessionStudyController.m in Sources */,
				91528E8025198A62002AA5BD /* AppDelegate.m in Sources */,
				913C2E16252323BE0053A040 /* DrawStudyVC.m in Sources */,
				91528EB925198ED9002AA5BD /* LWNavigationController.m in Sources */,
				914F5C3E254BE85C00F5ABE5 /* CDTestModel.xcdatamodeld in Sources */,
				91528E9125198A66002AA5BD /* main.m in Sources */,
				913C2E12252323450053A040 /* TestMoveView.m in Sources */,
				914F5C5B254C49E800F5ABE5 /* AddTools.m in Sources */,
				91528EB625198BD6002AA5BD /* NSThreadStudyController.m in Sources */,
				91528ED8251B96BF002AA5BD /* NSUrlConnectionStudyController.m in Sources */,
				91528EC2251A4F2C002AA5BD /* NSOperationStudyController.m in Sources */,
				91528ECB251B1DD2002AA5BD /* LWOperation.m in Sources */,
				91528E8325198A62002AA5BD /* SceneDelegate.m in Sources */,
			);
			runOnlyForDeploymentPostprocessing = 0;
		};
		91528E9225198A66002AA5BD /* Sources */ = {
			isa = PBXSourcesBuildPhase;
			buildActionMask = 2147483647;
			files = (
				91528E9B25198A66002AA5BD /* LWStudyTests.m in Sources */,
			);
			runOnlyForDeploymentPostprocessing = 0;
		};
		91528E9D25198A66002AA5BD /* Sources */ = {
			isa = PBXSourcesBuildPhase;
			buildActionMask = 2147483647;
			files = (
				91528EA625198A66002AA5BD /* LWStudyUITests.m in Sources */,
			);
			runOnlyForDeploymentPostprocessing = 0;
		};
/* End PBXSourcesBuildPhase section */

/* Begin PBXTargetDependency section */
		91528E9825198A66002AA5BD /* PBXTargetDependency */ = {
			isa = PBXTargetDependency;
			target = 91528E7A25198A62002AA5BD /* LWStudy */;
			targetProxy = 91528E9725198A66002AA5BD /* PBXContainerItemProxy */;
		};
		91528EA325198A66002AA5BD /* PBXTargetDependency */ = {
			isa = PBXTargetDependency;
			target = 91528E7A25198A62002AA5BD /* LWStudy */;
			targetProxy = 91528EA225198A66002AA5BD /* PBXContainerItemProxy */;
		};
/* End PBXTargetDependency section */

/* Begin PBXVariantGroup section */
		91528E8725198A62002AA5BD /* Main.storyboard */ = {
			isa = PBXVariantGroup;
			children = (
				91528E8825198A62002AA5BD /* Base */,
			);
			name = Main.storyboard;
			sourceTree = "<group>";
		};
		91528E8C25198A66002AA5BD /* LaunchScreen.storyboard */ = {
			isa = PBXVariantGroup;
			children = (
				91528E8D25198A66002AA5BD /* Base */,
			);
			name = LaunchScreen.storyboard;
			sourceTree = "<group>";
		};
/* End PBXVariantGroup section */

/* Begin XCBuildConfiguration section */
		91528EA825198A66002AA5BD /* Debug */ = {
			isa = XCBuildConfiguration;
			buildSettings = {
				ALWAYS_SEARCH_USER_PATHS = NO;
				CLANG_ANALYZER_NONNULL = YES;
				CLANG_ANALYZER_NUMBER_OBJECT_CONVERSION = YES_AGGRESSIVE;
				CLANG_CXX_LANGUAGE_STANDARD = "gnu++14";
				CLANG_CXX_LIBRARY = "libc++";
				CLANG_ENABLE_MODULES = YES;
				CLANG_ENABLE_OBJC_ARC = YES;
				CLANG_ENABLE_OBJC_WEAK = YES;
				CLANG_WARN_BLOCK_CAPTURE_AUTORELEASING = YES;
				CLANG_WARN_BOOL_CONVERSION = YES;
				CLANG_WARN_COMMA = YES;
				CLANG_WARN_CONSTANT_CONVERSION = YES;
				CLANG_WARN_DEPRECATED_OBJC_IMPLEMENTATIONS = YES;
				CLANG_WARN_DIRECT_OBJC_ISA_USAGE = YES_ERROR;
				CLANG_WARN_DOCUMENTATION_COMMENTS = YES;
				CLANG_WARN_EMPTY_BODY = YES;
				CLANG_WARN_ENUM_CONVERSION = YES;
				CLANG_WARN_INFINITE_RECURSION = YES;
				CLANG_WARN_INT_CONVERSION = YES;
				CLANG_WARN_NON_LITERAL_NULL_CONVERSION = YES;
				CLANG_WARN_OBJC_IMPLICIT_RETAIN_SELF = YES;
				CLANG_WARN_OBJC_LITERAL_CONVERSION = YES;
				CLANG_WARN_OBJC_ROOT_CLASS = YES_ERROR;
				CLANG_WARN_RANGE_LOOP_ANALYSIS = YES;
				CLANG_WARN_STRICT_PROTOTYPES = YES;
				CLANG_WARN_SUSPICIOUS_MOVE = YES;
				CLANG_WARN_UNGUARDED_AVAILABILITY = YES_AGGRESSIVE;
				CLANG_WARN_UNREACHABLE_CODE = YES;
				CLANG_WARN__DUPLICATE_METHOD_MATCH = YES;
				COPY_PHASE_STRIP = NO;
				DEBUG_INFORMATION_FORMAT = dwarf;
				ENABLE_STRICT_OBJC_MSGSEND = NO;
				ENABLE_TESTABILITY = YES;
				GCC_C_LANGUAGE_STANDARD = gnu11;
				GCC_DYNAMIC_NO_PIC = NO;
				GCC_NO_COMMON_BLOCKS = YES;
				GCC_OPTIMIZATION_LEVEL = 0;
				GCC_PREPROCESSOR_DEFINITIONS = (
					"DEBUG=1",
					"$(inherited)",
				);
				GCC_WARN_64_TO_32_BIT_CONVERSION = YES;
				GCC_WARN_ABOUT_RETURN_TYPE = YES_ERROR;
				GCC_WARN_UNDECLARED_SELECTOR = YES;
				GCC_WARN_UNINITIALIZED_AUTOS = YES_AGGRESSIVE;
				GCC_WARN_UNUSED_FUNCTION = YES;
				GCC_WARN_UNUSED_VARIABLE = YES;
				IPHONEOS_DEPLOYMENT_TARGET = 13.6;
				MTL_ENABLE_DEBUG_INFO = INCLUDE_SOURCE;
				MTL_FAST_MATH = YES;
				ONLY_ACTIVE_ARCH = YES;
				SDKROOT = iphoneos;
			};
			name = Debug;
		};
		91528EA925198A66002AA5BD /* Release */ = {
			isa = XCBuildConfiguration;
			buildSettings = {
				ALWAYS_SEARCH_USER_PATHS = NO;
				CLANG_ANALYZER_NONNULL = YES;
				CLANG_ANALYZER_NUMBER_OBJECT_CONVERSION = YES_AGGRESSIVE;
				CLANG_CXX_LANGUAGE_STANDARD = "gnu++14";
				CLANG_CXX_LIBRARY = "libc++";
				CLANG_ENABLE_MODULES = YES;
				CLANG_ENABLE_OBJC_ARC = YES;
				CLANG_ENABLE_OBJC_WEAK = YES;
				CLANG_WARN_BLOCK_CAPTURE_AUTORELEASING = YES;
				CLANG_WARN_BOOL_CONVERSION = YES;
				CLANG_WARN_COMMA = YES;
				CLANG_WARN_CONSTANT_CONVERSION = YES;
				CLANG_WARN_DEPRECATED_OBJC_IMPLEMENTATIONS = YES;
				CLANG_WARN_DIRECT_OBJC_ISA_USAGE = YES_ERROR;
				CLANG_WARN_DOCUMENTATION_COMMENTS = YES;
				CLANG_WARN_EMPTY_BODY = YES;
				CLANG_WARN_ENUM_CONVERSION = YES;
				CLANG_WARN_INFINITE_RECURSION = YES;
				CLANG_WARN_INT_CONVERSION = YES;
				CLANG_WARN_NON_LITERAL_NULL_CONVERSION = YES;
				CLANG_WARN_OBJC_IMPLICIT_RETAIN_SELF = YES;
				CLANG_WARN_OBJC_LITERAL_CONVERSION = YES;
				CLANG_WARN_OBJC_ROOT_CLASS = YES_ERROR;
				CLANG_WARN_RANGE_LOOP_ANALYSIS = YES;
				CLANG_WARN_STRICT_PROTOTYPES = YES;
				CLANG_WARN_SUSPICIOUS_MOVE = YES;
				CLANG_WARN_UNGUARDED_AVAILABILITY = YES_AGGRESSIVE;
				CLANG_WARN_UNREACHABLE_CODE = YES;
				CLANG_WARN__DUPLICATE_METHOD_MATCH = YES;
				COPY_PHASE_STRIP = NO;
				DEBUG_INFORMATION_FORMAT = "dwarf-with-dsym";
				ENABLE_NS_ASSERTIONS = NO;
				ENABLE_STRICT_OBJC_MSGSEND = NO;
				GCC_C_LANGUAGE_STANDARD = gnu11;
				GCC_NO_COMMON_BLOCKS = YES;
				GCC_WARN_64_TO_32_BIT_CONVERSION = YES;
				GCC_WARN_ABOUT_RETURN_TYPE = YES_ERROR;
				GCC_WARN_UNDECLARED_SELECTOR = YES;
				GCC_WARN_UNINITIALIZED_AUTOS = YES_AGGRESSIVE;
				GCC_WARN_UNUSED_FUNCTION = YES;
				GCC_WARN_UNUSED_VARIABLE = YES;
				IPHONEOS_DEPLOYMENT_TARGET = 13.6;
				MTL_ENABLE_DEBUG_INFO = NO;
				MTL_FAST_MATH = YES;
				SDKROOT = iphoneos;
				VALIDATE_PRODUCT = YES;
			};
			name = Release;
		};
		91528EAB25198A66002AA5BD /* Debug */ = {
			isa = XCBuildConfiguration;
			baseConfigurationReference = 868C7FD74AF94DDAC58FFD7D /* Pods-LWStudy.debug.xcconfig */;
			buildSettings = {
				ASSETCATALOG_COMPILER_APPICON_NAME = AppIcon;
				CLANG_ENABLE_MODULES = YES;
				CODE_SIGN_STYLE = Automatic;
				DEVELOPMENT_TEAM = D78X579YYG;
				ENABLE_STRICT_OBJC_MSGSEND = NO;
				INFOPLIST_FILE = LWStudy/Info.plist;
				IPHONEOS_DEPLOYMENT_TARGET = 8.0;
				LD_RUNPATH_SEARCH_PATHS = (
					"$(inherited)",
					"@executable_path/Frameworks",
				);
				PRODUCT_BUNDLE_IDENTIFIER = maitui.LWStudy;
				PRODUCT_NAME = "$(TARGET_NAME)";
				SWIFT_OBJC_BRIDGING_HEADER = "";
				SWIFT_OPTIMIZATION_LEVEL = "-Onone";
				SWIFT_VERSION = 5.0;
				TARGETED_DEVICE_FAMILY = "1,2";
			};
			name = Debug;
		};
		91528EAC25198A66002AA5BD /* Release */ = {
			isa = XCBuildConfiguration;
			baseConfigurationReference = 6A3EBDEE773C4F6607C684A8 /* Pods-LWStudy.release.xcconfig */;
			buildSettings = {
				ASSETCATALOG_COMPILER_APPICON_NAME = AppIcon;
				CLANG_ENABLE_MODULES = YES;
				CODE_SIGN_STYLE = Automatic;
				DEVELOPMENT_TEAM = D78X579YYG;
				ENABLE_STRICT_OBJC_MSGSEND = NO;
				INFOPLIST_FILE = LWStudy/Info.plist;
				IPHONEOS_DEPLOYMENT_TARGET = 8.0;
				LD_RUNPATH_SEARCH_PATHS = (
					"$(inherited)",
					"@executable_path/Frameworks",
				);
				PRODUCT_BUNDLE_IDENTIFIER = maitui.LWStudy;
				PRODUCT_NAME = "$(TARGET_NAME)";
				SWIFT_OBJC_BRIDGING_HEADER = "";
				SWIFT_VERSION = 5.0;
				TARGETED_DEVICE_FAMILY = "1,2";
			};
			name = Release;
		};
		91528EAE25198A66002AA5BD /* Debug */ = {
			isa = XCBuildConfiguration;
			buildSettings = {
				BUNDLE_LOADER = "$(TEST_HOST)";
				CODE_SIGN_STYLE = Automatic;
				DEVELOPMENT_TEAM = D78X579YYG;
				INFOPLIST_FILE = LWStudyTests/Info.plist;
				IPHONEOS_DEPLOYMENT_TARGET = 13.6;
				LD_RUNPATH_SEARCH_PATHS = (
					"$(inherited)",
					"@executable_path/Frameworks",
					"@loader_path/Frameworks",
				);
				PRODUCT_BUNDLE_IDENTIFIER = maitui.LWStudyTests;
				PRODUCT_NAME = "$(TARGET_NAME)";
				TARGETED_DEVICE_FAMILY = "1,2";
				TEST_HOST = "$(BUILT_PRODUCTS_DIR)/LWStudy.app/LWStudy";
			};
			name = Debug;
		};
		91528EAF25198A66002AA5BD /* Release */ = {
			isa = XCBuildConfiguration;
			buildSettings = {
				BUNDLE_LOADER = "$(TEST_HOST)";
				CODE_SIGN_STYLE = Automatic;
				DEVELOPMENT_TEAM = D78X579YYG;
				INFOPLIST_FILE = LWStudyTests/Info.plist;
				IPHONEOS_DEPLOYMENT_TARGET = 13.6;
				LD_RUNPATH_SEARCH_PATHS = (
					"$(inherited)",
					"@executable_path/Frameworks",
					"@loader_path/Frameworks",
				);
				PRODUCT_BUNDLE_IDENTIFIER = maitui.LWStudyTests;
				PRODUCT_NAME = "$(TARGET_NAME)";
				TARGETED_DEVICE_FAMILY = "1,2";
				TEST_HOST = "$(BUILT_PRODUCTS_DIR)/LWStudy.app/LWStudy";
			};
			name = Release;
		};
		91528EB125198A66002AA5BD /* Debug */ = {
			isa = XCBuildConfiguration;
			buildSettings = {
				CODE_SIGN_STYLE = Automatic;
				DEVELOPMENT_TEAM = D78X579YYG;
				INFOPLIST_FILE = LWStudyUITests/Info.plist;
				LD_RUNPATH_SEARCH_PATHS = (
					"$(inherited)",
					"@executable_path/Frameworks",
					"@loader_path/Frameworks",
				);
				PRODUCT_BUNDLE_IDENTIFIER = maitui.LWStudyUITests;
				PRODUCT_NAME = "$(TARGET_NAME)";
				TARGETED_DEVICE_FAMILY = "1,2";
				TEST_TARGET_NAME = LWStudy;
			};
			name = Debug;
		};
		91528EB225198A66002AA5BD /* Release */ = {
			isa = XCBuildConfiguration;
			buildSettings = {
				CODE_SIGN_STYLE = Automatic;
				DEVELOPMENT_TEAM = D78X579YYG;
				INFOPLIST_FILE = LWStudyUITests/Info.plist;
				LD_RUNPATH_SEARCH_PATHS = (
					"$(inherited)",
					"@executable_path/Frameworks",
					"@loader_path/Frameworks",
				);
				PRODUCT_BUNDLE_IDENTIFIER = maitui.LWStudyUITests;
				PRODUCT_NAME = "$(TARGET_NAME)";
				TARGETED_DEVICE_FAMILY = "1,2";
				TEST_TARGET_NAME = LWStudy;
			};
			name = Release;
		};
/* End XCBuildConfiguration section */

/* Begin XCConfigurationList section */
		91528E7625198A62002AA5BD /* Build configuration list for PBXProject "LWStudy" */ = {
			isa = XCConfigurationList;
			buildConfigurations = (
				91528EA825198A66002AA5BD /* Debug */,
				91528EA925198A66002AA5BD /* Release */,
			);
			defaultConfigurationIsVisible = 0;
			defaultConfigurationName = Release;
		};
		91528EAA25198A66002AA5BD /* Build configuration list for PBXNativeTarget "LWStudy" */ = {
			isa = XCConfigurationList;
			buildConfigurations = (
				91528EAB25198A66002AA5BD /* Debug */,
				91528EAC25198A66002AA5BD /* Release */,
			);
			defaultConfigurationIsVisible = 0;
			defaultConfigurationName = Release;
		};
		91528EAD25198A66002AA5BD /* Build configuration list for PBXNativeTarget "LWStudyTests" */ = {
			isa = XCConfigurationList;
			buildConfigurations = (
				91528EAE25198A66002AA5BD /* Debug */,
				91528EAF25198A66002AA5BD /* Release */,
			);
			defaultConfigurationIsVisible = 0;
			defaultConfigurationName = Release;
		};
		91528EB025198A66002AA5BD /* Build configuration list for PBXNativeTarget "LWStudyUITests" */ = {
			isa = XCConfigurationList;
			buildConfigurations = (
				91528EB125198A66002AA5BD /* Debug */,
				91528EB225198A66002AA5BD /* Release */,
			);
			defaultConfigurationIsVisible = 0;
			defaultConfigurationName = Release;
		};
/* End XCConfigurationList section */

/* Begin XCVersionGroup section */
		914F5C3C254BE85C00F5ABE5 /* CDTestModel.xcdatamodeld */ = {
			isa = XCVersionGroup;
			children = (
				914F5C4E254BF79300F5ABE5 /* CDTestModelTwo.xcdatamodel */,
				914F5C3D254BE85C00F5ABE5 /* CDTestModel.xcdatamodel */,
			);
			currentVersion = 914F5C4E254BF79300F5ABE5 /* CDTestModelTwo.xcdatamodel */;
			path = CDTestModel.xcdatamodeld;
			sourceTree = "<group>";
			versionGroupType = wrapper.xcdatamodel;
		};
/* End XCVersionGroup section */
	};
	rootObject = 91528E7325198A62002AA5BD /* Project object */;
}
